// !$*UTF8*$!
{
	archiveVersion = 1;
	classes = {
	};
	objectVersion = 51;
	objects = {

/* Begin PBXBuildFile section */
		080BF81D22CC57F400A06BBF /* Setting.storyboard in Resources */ = {isa = PBXBuildFile; fileRef = 080BF81C22CC57F400A06BBF /* Setting.storyboard */; };
		080BF81F22CC828D00A06BBF /* LikeCollectionViewCell.swift in Sources */ = {isa = PBXBuildFile; fileRef = 080BF81E22CC828D00A06BBF /* LikeCollectionViewCell.swift */; };
		080BF82122CC840400A06BBF /* Like.swift in Sources */ = {isa = PBXBuildFile; fileRef = 080BF82022CC840400A06BBF /* Like.swift */; };
		080BF82422CC8D5000A06BBF /* Win.swift in Sources */ = {isa = PBXBuildFile; fileRef = 080BF82322CC8D5000A06BBF /* Win.swift */; };
		080BF82622CC8EC400A06BBF /* WinCell.swift in Sources */ = {isa = PBXBuildFile; fileRef = 080BF82522CC8EC400A06BBF /* WinCell.swift */; };
		0836ED5922C5A72D006295D3 /* Notice.storyboard in Resources */ = {isa = PBXBuildFile; fileRef = 0836ED5822C5A72D006295D3 /* Notice.storyboard */; };
		0836EDA622C750F7006295D3 /* Win.storyboard in Resources */ = {isa = PBXBuildFile; fileRef = 0836EDA522C750F7006295D3 /* Win.storyboard */; };
		0836EDAC22C75A24006295D3 /* Lottory.storyboard in Resources */ = {isa = PBXBuildFile; fileRef = 0836EDAB22C75A24006295D3 /* Lottory.storyboard */; };
		0836EDAE22C7C2B1006295D3 /* Unpaid.storyboard in Resources */ = {isa = PBXBuildFile; fileRef = 0836EDAD22C7C2B1006295D3 /* Unpaid.storyboard */; };
		0836EDB222C7C618006295D3 /* UnpaidViewController.swift in Sources */ = {isa = PBXBuildFile; fileRef = 0836EDB122C7C618006295D3 /* UnpaidViewController.swift */; };
		0887886022CDCEDE00FE0E91 /* SignUpVC.swift in Sources */ = {isa = PBXBuildFile; fileRef = 0887885F22CDCEDE00FE0E91 /* SignUpVC.swift */; };
		08CBCB2522C2552D009C1199 /* AppDelegate.swift in Sources */ = {isa = PBXBuildFile; fileRef = 08CBCB2422C2552D009C1199 /* AppDelegate.swift */; };
		08CBCB2722C2552D009C1199 /* ViewController.swift in Sources */ = {isa = PBXBuildFile; fileRef = 08CBCB2622C2552D009C1199 /* ViewController.swift */; };
		08CBCB2A22C2552D009C1199 /* Main.storyboard in Resources */ = {isa = PBXBuildFile; fileRef = 08CBCB2822C2552D009C1199 /* Main.storyboard */; };
		08CBCB2D22C2552D009C1199 /* GoldenTicket.xcdatamodeld in Sources */ = {isa = PBXBuildFile; fileRef = 08CBCB2B22C2552D009C1199 /* GoldenTicket.xcdatamodeld */; };
		08CBCB2F22C2552F009C1199 /* Assets.xcassets in Resources */ = {isa = PBXBuildFile; fileRef = 08CBCB2E22C2552F009C1199 /* Assets.xcassets */; };
		08CBCB3222C2552F009C1199 /* LaunchScreen.storyboard in Resources */ = {isa = PBXBuildFile; fileRef = 08CBCB3022C2552F009C1199 /* LaunchScreen.storyboard */; };
		08CBCB7522C4EFE7009C1199 /* Tutorial.storyboard in Resources */ = {isa = PBXBuildFile; fileRef = 08CBCB7422C4EFE7009C1199 /* Tutorial.storyboard */; };
		08CBCB7722C507C8009C1199 /* Login.storyboard in Resources */ = {isa = PBXBuildFile; fileRef = 08CBCB7622C507C8009C1199 /* Login.storyboard */; };
		08CBCB7922C523C9009C1199 /* Lose.storyboard in Resources */ = {isa = PBXBuildFile; fileRef = 08CBCB7822C523C9009C1199 /* Lose.storyboard */; };
		2481DFDD82AF4E446B620950 /* Pods_GoldenTicket.framework in Frameworks */ = {isa = PBXBuildFile; fileRef = 6DE8133DB7A4161E106BEBDE /* Pods_GoldenTicket.framework */; };
		F402F30A22CDBCF90047B976 /* Contents.storyboard in Resources */ = {isa = PBXBuildFile; fileRef = F402F30922CDBCF90047B976 /* Contents.storyboard */; };
		F40313EF22CAF61A00BB2737 /* SideMenuVC.swift in Sources */ = {isa = PBXBuildFile; fileRef = F40313EE22CAF61A00BB2737 /* SideMenuVC.swift */; };
		F40313F122CB1B0800BB2737 /* WinList.storyboard in Resources */ = {isa = PBXBuildFile; fileRef = F40313F022CB1B0800BB2737 /* WinList.storyboard */; };
		F40313F422CB1CE700BB2737 /* WinTicketsVC.swift in Sources */ = {isa = PBXBuildFile; fileRef = F40313F322CB1CE700BB2737 /* WinTicketsVC.swift */; };
		F40313F822CB2E8C00BB2737 /* InterestedVC.swift in Sources */ = {isa = PBXBuildFile; fileRef = F40313F722CB2E8C00BB2737 /* InterestedVC.swift */; };
		F40313FA22CB2FB700BB2737 /* Interested.storyboard in Resources */ = {isa = PBXBuildFile; fileRef = F40313F922CB2FB700BB2737 /* Interested.storyboard */; };
		F40313FC22CB333B00BB2737 /* Question.storyboard in Resources */ = {isa = PBXBuildFile; fileRef = F40313FB22CB333B00BB2737 /* Question.storyboard */; };
		F40313FE22CB344900BB2737 /* QuestionVC.swift in Sources */ = {isa = PBXBuildFile; fileRef = F40313FD22CB344900BB2737 /* QuestionVC.swift */; };
		F43F453322C9A4AE00C53898 /* ShowDetail.storyboard in Resources */ = {isa = PBXBuildFile; fileRef = F43F453222C9A4AE00C53898 /* ShowDetail.storyboard */; };
		F43F453622C9A81000C53898 /* ShowDetailVC.swift in Sources */ = {isa = PBXBuildFile; fileRef = F43F453522C9A81000C53898 /* ShowDetailVC.swift */; };
		F43F453822C9A83200C53898 /* ShowDetail.swift in Sources */ = {isa = PBXBuildFile; fileRef = F43F453722C9A83200C53898 /* ShowDetail.swift */; };
		F43F454022C9EB5500C53898 /* ActorCVCell.swift in Sources */ = {isa = PBXBuildFile; fileRef = F43F453F22C9EB5500C53898 /* ActorCVCell.swift */; };
		F43F454222C9F46500C53898 /* CustomView.swift in Sources */ = {isa = PBXBuildFile; fileRef = F43F454122C9F46500C53898 /* CustomView.swift */; };
		F43F454422CA45B700C53898 /* WinTicket.storyboard in Resources */ = {isa = PBXBuildFile; fileRef = F43F454322CA45B700C53898 /* WinTicket.storyboard */; };
		F43F454722CA639C00C53898 /* TicketVC.swift in Sources */ = {isa = PBXBuildFile; fileRef = F43F454622CA639C00C53898 /* TicketVC.swift */; };
		F43F454922CA79C900C53898 /* NoTicket.storyboard in Resources */ = {isa = PBXBuildFile; fileRef = F43F454822CA79C900C53898 /* NoTicket.storyboard */; };
		F440B39D22C61BA500B8AFD6 /* NoticeViewController.swift in Sources */ = {isa = PBXBuildFile; fileRef = F440B39C22C61BA500B8AFD6 /* NoticeViewController.swift */; };
		F440B39F22C61BF200B8AFD6 /* NoticeTableViewController.swift in Sources */ = {isa = PBXBuildFile; fileRef = F440B39E22C61BF200B8AFD6 /* NoticeTableViewController.swift */; };
		F440B3A122C61C5800B8AFD6 /* UIView+Extensions.swift in Sources */ = {isa = PBXBuildFile; fileRef = F440B3A022C61C5800B8AFD6 /* UIView+Extensions.swift */; };
		F440B3A322C63C6900B8AFD6 /* LoginVC.swift in Sources */ = {isa = PBXBuildFile; fileRef = F440B3A222C63C6800B8AFD6 /* LoginVC.swift */; };
		F440B3A922C640A100B8AFD6 /* CustomButton.swift in Sources */ = {isa = PBXBuildFile; fileRef = F440B3A822C640A100B8AFD6 /* CustomButton.swift */; };
		F440B3AB22C6437400B8AFD6 /* UIColor+Extensions.swift in Sources */ = {isa = PBXBuildFile; fileRef = F440B3AA22C6437400B8AFD6 /* UIColor+Extensions.swift */; };
		F440B3AD22C6444000B8AFD6 /* UIViewController+Extensions.swift in Sources */ = {isa = PBXBuildFile; fileRef = F440B3AC22C6444000B8AFD6 /* UIViewController+Extensions.swift */; };
		F4955BFA22C857F000530906 /* MainVC.swift in Sources */ = {isa = PBXBuildFile; fileRef = F4955BF922C857F000530906 /* MainVC.swift */; };
		F4955BFE22C8587300530906 /* MainShowCell.swift in Sources */ = {isa = PBXBuildFile; fileRef = F4955BFD22C8587300530906 /* MainShowCell.swift */; };
		F4955C0222C8635A00530906 /* Show.swift in Sources */ = {isa = PBXBuildFile; fileRef = F4955C0122C8635A00530906 /* Show.swift */; };
		F4955C0422C88D1C00530906 /* Search.storyboard in Resources */ = {isa = PBXBuildFile; fileRef = F4955C0322C88D1C00530906 /* Search.storyboard */; };
		F4955C0722C8936900530906 /* SearchVC.swift in Sources */ = {isa = PBXBuildFile; fileRef = F4955C0622C8936900530906 /* SearchVC.swift */; };
		F4955C0922C89C0F00530906 /* CustomSearchButton.swift in Sources */ = {isa = PBXBuildFile; fileRef = F4955C0822C89C0F00530906 /* CustomSearchButton.swift */; };
/* End PBXBuildFile section */

/* Begin PBXFileReference section */
		080BF81C22CC57F400A06BBF /* Setting.storyboard */ = {isa = PBXFileReference; lastKnownFileType = file.storyboard; path = Setting.storyboard; sourceTree = "<group>"; };
		080BF81E22CC828D00A06BBF /* LikeCollectionViewCell.swift */ = {isa = PBXFileReference; lastKnownFileType = sourcecode.swift; path = LikeCollectionViewCell.swift; sourceTree = "<group>"; };
		080BF82022CC840400A06BBF /* Like.swift */ = {isa = PBXFileReference; lastKnownFileType = sourcecode.swift; path = Like.swift; sourceTree = "<group>"; };
		080BF82322CC8D5000A06BBF /* Win.swift */ = {isa = PBXFileReference; lastKnownFileType = sourcecode.swift; name = Win.swift; path = GoldenTicket/Model/Win.swift; sourceTree = SOURCE_ROOT; };
		080BF82522CC8EC400A06BBF /* WinCell.swift */ = {isa = PBXFileReference; lastKnownFileType = sourcecode.swift; path = WinCell.swift; sourceTree = "<group>"; };
		0836ED5822C5A72D006295D3 /* Notice.storyboard */ = {isa = PBXFileReference; lastKnownFileType = file.storyboard; path = Notice.storyboard; sourceTree = "<group>"; };
		0836EDA522C750F7006295D3 /* Win.storyboard */ = {isa = PBXFileReference; lastKnownFileType = file.storyboard; path = Win.storyboard; sourceTree = "<group>"; };
		0836EDAB22C75A24006295D3 /* Lottory.storyboard */ = {isa = PBXFileReference; lastKnownFileType = file.storyboard; path = Lottory.storyboard; sourceTree = "<group>"; };
		0836EDAD22C7C2B1006295D3 /* Unpaid.storyboard */ = {isa = PBXFileReference; lastKnownFileType = file.storyboard; path = Unpaid.storyboard; sourceTree = "<group>"; };
		0836EDB122C7C618006295D3 /* UnpaidViewController.swift */ = {isa = PBXFileReference; lastKnownFileType = sourcecode.swift; path = UnpaidViewController.swift; sourceTree = "<group>"; };
		0887885F22CDCEDE00FE0E91 /* SignUpVC.swift */ = {isa = PBXFileReference; lastKnownFileType = sourcecode.swift; path = SignUpVC.swift; sourceTree = "<group>"; };
		08CBCB2122C2552D009C1199 /* GoldenTicket.app */ = {isa = PBXFileReference; explicitFileType = wrapper.application; includeInIndex = 0; path = GoldenTicket.app; sourceTree = BUILT_PRODUCTS_DIR; };
		08CBCB2422C2552D009C1199 /* AppDelegate.swift */ = {isa = PBXFileReference; lastKnownFileType = sourcecode.swift; path = AppDelegate.swift; sourceTree = "<group>"; };
		08CBCB2622C2552D009C1199 /* ViewController.swift */ = {isa = PBXFileReference; lastKnownFileType = sourcecode.swift; path = ViewController.swift; sourceTree = "<group>"; };
		08CBCB2922C2552D009C1199 /* Base */ = {isa = PBXFileReference; lastKnownFileType = file.storyboard; name = Base; path = Base.lproj/Main.storyboard; sourceTree = "<group>"; };
		08CBCB2C22C2552D009C1199 /* GoldenTicket.xcdatamodel */ = {isa = PBXFileReference; lastKnownFileType = wrapper.xcdatamodel; path = GoldenTicket.xcdatamodel; sourceTree = "<group>"; };
		08CBCB2E22C2552F009C1199 /* Assets.xcassets */ = {isa = PBXFileReference; lastKnownFileType = folder.assetcatalog; path = Assets.xcassets; sourceTree = "<group>"; };
		08CBCB3122C2552F009C1199 /* Base */ = {isa = PBXFileReference; lastKnownFileType = file.storyboard; name = Base; path = Base.lproj/LaunchScreen.storyboard; sourceTree = "<group>"; };
		08CBCB3322C2552F009C1199 /* Info.plist */ = {isa = PBXFileReference; lastKnownFileType = text.plist.xml; path = Info.plist; sourceTree = "<group>"; };
		08CBCB7422C4EFE7009C1199 /* Tutorial.storyboard */ = {isa = PBXFileReference; lastKnownFileType = file.storyboard; path = Tutorial.storyboard; sourceTree = "<group>"; };
		08CBCB7622C507C8009C1199 /* Login.storyboard */ = {isa = PBXFileReference; lastKnownFileType = file.storyboard; path = Login.storyboard; sourceTree = "<group>"; };
		08CBCB7822C523C9009C1199 /* Lose.storyboard */ = {isa = PBXFileReference; lastKnownFileType = file.storyboard; path = Lose.storyboard; sourceTree = "<group>"; };
		5965800A7BE381549539F856 /* Pods-GoldenTicket.release.xcconfig */ = {isa = PBXFileReference; includeInIndex = 1; lastKnownFileType = text.xcconfig; name = "Pods-GoldenTicket.release.xcconfig"; path = "Target Support Files/Pods-GoldenTicket/Pods-GoldenTicket.release.xcconfig"; sourceTree = "<group>"; };
		6DE8133DB7A4161E106BEBDE /* Pods_GoldenTicket.framework */ = {isa = PBXFileReference; explicitFileType = wrapper.framework; includeInIndex = 0; path = Pods_GoldenTicket.framework; sourceTree = BUILT_PRODUCTS_DIR; };
		F402F30922CDBCF90047B976 /* Contents.storyboard */ = {isa = PBXFileReference; lastKnownFileType = file.storyboard; path = Contents.storyboard; sourceTree = "<group>"; };
		F40313EE22CAF61A00BB2737 /* SideMenuVC.swift */ = {isa = PBXFileReference; lastKnownFileType = sourcecode.swift; path = SideMenuVC.swift; sourceTree = "<group>"; };
		F40313F022CB1B0800BB2737 /* WinList.storyboard */ = {isa = PBXFileReference; lastKnownFileType = file.storyboard; path = WinList.storyboard; sourceTree = "<group>"; };
		F40313F322CB1CE700BB2737 /* WinTicketsVC.swift */ = {isa = PBXFileReference; lastKnownFileType = sourcecode.swift; path = WinTicketsVC.swift; sourceTree = "<group>"; };
		F40313F722CB2E8C00BB2737 /* InterestedVC.swift */ = {isa = PBXFileReference; lastKnownFileType = sourcecode.swift; path = InterestedVC.swift; sourceTree = "<group>"; };
		F40313F922CB2FB700BB2737 /* Interested.storyboard */ = {isa = PBXFileReference; lastKnownFileType = file.storyboard; path = Interested.storyboard; sourceTree = "<group>"; };
		F40313FB22CB333B00BB2737 /* Question.storyboard */ = {isa = PBXFileReference; lastKnownFileType = file.storyboard; path = Question.storyboard; sourceTree = "<group>"; };
		F40313FD22CB344900BB2737 /* QuestionVC.swift */ = {isa = PBXFileReference; lastKnownFileType = sourcecode.swift; path = QuestionVC.swift; sourceTree = "<group>"; };
		F43F453222C9A4AE00C53898 /* ShowDetail.storyboard */ = {isa = PBXFileReference; lastKnownFileType = file.storyboard; path = ShowDetail.storyboard; sourceTree = "<group>"; };
		F43F453522C9A81000C53898 /* ShowDetailVC.swift */ = {isa = PBXFileReference; lastKnownFileType = sourcecode.swift; path = ShowDetailVC.swift; sourceTree = "<group>"; };
		F43F453722C9A83200C53898 /* ShowDetail.swift */ = {isa = PBXFileReference; lastKnownFileType = sourcecode.swift; path = ShowDetail.swift; sourceTree = "<group>"; };
		F43F453F22C9EB5500C53898 /* ActorCVCell.swift */ = {isa = PBXFileReference; lastKnownFileType = sourcecode.swift; path = ActorCVCell.swift; sourceTree = "<group>"; };
		F43F454122C9F46500C53898 /* CustomView.swift */ = {isa = PBXFileReference; lastKnownFileType = sourcecode.swift; path = CustomView.swift; sourceTree = "<group>"; };
		F43F454322CA45B700C53898 /* WinTicket.storyboard */ = {isa = PBXFileReference; lastKnownFileType = file.storyboard; path = WinTicket.storyboard; sourceTree = "<group>"; };
		F43F454622CA639C00C53898 /* TicketVC.swift */ = {isa = PBXFileReference; lastKnownFileType = sourcecode.swift; path = TicketVC.swift; sourceTree = "<group>"; };
		F43F454822CA79C900C53898 /* NoTicket.storyboard */ = {isa = PBXFileReference; lastKnownFileType = file.storyboard; path = NoTicket.storyboard; sourceTree = "<group>"; };
		F440B39C22C61BA500B8AFD6 /* NoticeViewController.swift */ = {isa = PBXFileReference; lastKnownFileType = sourcecode.swift; path = NoticeViewController.swift; sourceTree = "<group>"; };
		F440B39E22C61BF200B8AFD6 /* NoticeTableViewController.swift */ = {isa = PBXFileReference; lastKnownFileType = sourcecode.swift; path = NoticeTableViewController.swift; sourceTree = "<group>"; };
		F440B3A022C61C5800B8AFD6 /* UIView+Extensions.swift */ = {isa = PBXFileReference; lastKnownFileType = sourcecode.swift; path = "UIView+Extensions.swift"; sourceTree = "<group>"; };
		F440B3A222C63C6800B8AFD6 /* LoginVC.swift */ = {isa = PBXFileReference; lastKnownFileType = sourcecode.swift; path = LoginVC.swift; sourceTree = "<group>"; };
		F440B3A822C640A100B8AFD6 /* CustomButton.swift */ = {isa = PBXFileReference; lastKnownFileType = sourcecode.swift; path = CustomButton.swift; sourceTree = "<group>"; };
		F440B3AA22C6437400B8AFD6 /* UIColor+Extensions.swift */ = {isa = PBXFileReference; lastKnownFileType = sourcecode.swift; path = "UIColor+Extensions.swift"; sourceTree = "<group>"; };
		F440B3AC22C6444000B8AFD6 /* UIViewController+Extensions.swift */ = {isa = PBXFileReference; lastKnownFileType = sourcecode.swift; path = "UIViewController+Extensions.swift"; sourceTree = "<group>"; };
		F4955BF922C857F000530906 /* MainVC.swift */ = {isa = PBXFileReference; lastKnownFileType = sourcecode.swift; path = MainVC.swift; sourceTree = "<group>"; };
		F4955BFD22C8587300530906 /* MainShowCell.swift */ = {isa = PBXFileReference; lastKnownFileType = sourcecode.swift; path = MainShowCell.swift; sourceTree = "<group>"; };
		F4955C0122C8635A00530906 /* Show.swift */ = {isa = PBXFileReference; lastKnownFileType = sourcecode.swift; path = Show.swift; sourceTree = "<group>"; };
		F4955C0322C88D1C00530906 /* Search.storyboard */ = {isa = PBXFileReference; lastKnownFileType = file.storyboard; path = Search.storyboard; sourceTree = "<group>"; };
		F4955C0622C8936900530906 /* SearchVC.swift */ = {isa = PBXFileReference; lastKnownFileType = sourcecode.swift; path = SearchVC.swift; sourceTree = "<group>"; };
		F4955C0822C89C0F00530906 /* CustomSearchButton.swift */ = {isa = PBXFileReference; lastKnownFileType = sourcecode.swift; path = CustomSearchButton.swift; sourceTree = "<group>"; };
		F92DF9CEA0A33B3C51D5E98C /* Pods-GoldenTicket.debug.xcconfig */ = {isa = PBXFileReference; includeInIndex = 1; lastKnownFileType = text.xcconfig; name = "Pods-GoldenTicket.debug.xcconfig"; path = "Target Support Files/Pods-GoldenTicket/Pods-GoldenTicket.debug.xcconfig"; sourceTree = "<group>"; };
/* End PBXFileReference section */

/* Begin PBXFrameworksBuildPhase section */
		08CBCB1E22C2552D009C1199 /* Frameworks */ = {
			isa = PBXFrameworksBuildPhase;
			buildActionMask = 2147483647;
			files = (
				2481DFDD82AF4E446B620950 /* Pods_GoldenTicket.framework in Frameworks */,
			);
			runOnlyForDeploymentPostprocessing = 0;
		};
/* End PBXFrameworksBuildPhase section */

/* Begin PBXGroup section */
		080BF82222CC8D1100A06BBF /* Like */ = {
			isa = PBXGroup;
			children = (
				080BF81E22CC828D00A06BBF /* LikeCollectionViewCell.swift */,
			);
			path = Like;
			sourceTree = "<group>";
		};
		08CBCB1822C2552D009C1199 = {
			isa = PBXGroup;
			children = (
				08CBCB2322C2552D009C1199 /* GoldenTicket */,
				08CBCB2222C2552D009C1199 /* Products */,
				F4062F9AF046E6BFDB7748A4 /* Pods */,
				692012C43B3E113F9E861ED9 /* Frameworks */,
			);
			sourceTree = "<group>";
		};
		08CBCB2222C2552D009C1199 /* Products */ = {
			isa = PBXGroup;
			children = (
				08CBCB2122C2552D009C1199 /* GoldenTicket.app */,
			);
			name = Products;
			sourceTree = "<group>";
		};
		08CBCB2322C2552D009C1199 /* GoldenTicket */ = {
			isa = PBXGroup;
			children = (
				F440B39822C61AA000B8AFD6 /* Sources */,
				F440B38A22C6098200B8AFD6 /* Extensions */,
				08CBCB4022C25610009C1199 /* Model */,
				08CBCB3E22C255FB009C1199 /* APIServices */,
				08CBCB3922C2554B009C1199 /* Resources */,
				08CBCB2422C2552D009C1199 /* AppDelegate.swift */,
				08CBCB2622C2552D009C1199 /* ViewController.swift */,
				08CBCB3322C2552F009C1199 /* Info.plist */,
				08CBCB2B22C2552D009C1199 /* GoldenTicket.xcdatamodeld */,
			);
			path = GoldenTicket;
			sourceTree = "<group>";
		};
		08CBCB3922C2554B009C1199 /* Resources */ = {
			isa = PBXGroup;
			children = (
				08CBCB2E22C2552F009C1199 /* Assets.xcassets */,
				08CBCB3B22C255CF009C1199 /* Storyboard */,
			);
			path = Resources;
			sourceTree = "<group>";
		};
		08CBCB3B22C255CF009C1199 /* Storyboard */ = {
			isa = PBXGroup;
			children = (
				08CBCB3022C2552F009C1199 /* LaunchScreen.storyboard */,
				08CBCB7422C4EFE7009C1199 /* Tutorial.storyboard */,
				08CBCB7622C507C8009C1199 /* Login.storyboard */,
				08CBCB2822C2552D009C1199 /* Main.storyboard */,
				0836EDAB22C75A24006295D3 /* Lottory.storyboard */,
				08CBCB7822C523C9009C1199 /* Lose.storyboard */,
				0836EDA522C750F7006295D3 /* Win.storyboard */,
				0836EDAD22C7C2B1006295D3 /* Unpaid.storyboard */,
				0836ED5822C5A72D006295D3 /* Notice.storyboard */,
				F4955C0322C88D1C00530906 /* Search.storyboard */,
				F43F453222C9A4AE00C53898 /* ShowDetail.storyboard */,
				F43F454322CA45B700C53898 /* WinTicket.storyboard */,
				F43F454822CA79C900C53898 /* NoTicket.storyboard */,
				F40313F022CB1B0800BB2737 /* WinList.storyboard */,
				F40313F922CB2FB700BB2737 /* Interested.storyboard */,
				F40313FB22CB333B00BB2737 /* Question.storyboard */,
				080BF81C22CC57F400A06BBF /* Setting.storyboard */,
				F402F30922CDBCF90047B976 /* Contents.storyboard */,
			);
			path = Storyboard;
			sourceTree = "<group>";
		};
		08CBCB3E22C255FB009C1199 /* APIServices */ = {
			isa = PBXGroup;
			children = (
			);
			path = APIServices;
			sourceTree = "<group>";
		};
		08CBCB4022C25610009C1199 /* Model */ = {
			isa = PBXGroup;
			children = (
				F4955C0122C8635A00530906 /* Show.swift */,
				F43F453722C9A83200C53898 /* ShowDetail.swift */,
				080BF82022CC840400A06BBF /* Like.swift */,
				080BF82322CC8D5000A06BBF /* Win.swift */,
			);
			path = Model;
			sourceTree = "<group>";
		};
		692012C43B3E113F9E861ED9 /* Frameworks */ = {
			isa = PBXGroup;
			children = (
				6DE8133DB7A4161E106BEBDE /* Pods_GoldenTicket.framework */,
			);
			name = Frameworks;
			sourceTree = "<group>";
		};
		F402F30822CDBCC00047B976 /* Contents */ = {
			isa = PBXGroup;
			children = (
			);
			path = Contents;
			sourceTree = "<group>";
		};
		F40313F222CB1C9E00BB2737 /* SideMenu */ = {
			isa = PBXGroup;
			children = (
				F40313F322CB1CE700BB2737 /* WinTicketsVC.swift */,
				F40313F722CB2E8C00BB2737 /* InterestedVC.swift */,
				F40313FD22CB344900BB2737 /* QuestionVC.swift */,
			);
			path = SideMenu;
			sourceTree = "<group>";
		};
		F4062F9AF046E6BFDB7748A4 /* Pods */ = {
			isa = PBXGroup;
			children = (
				F92DF9CEA0A33B3C51D5E98C /* Pods-GoldenTicket.debug.xcconfig */,
				5965800A7BE381549539F856 /* Pods-GoldenTicket.release.xcconfig */,
			);
			path = Pods;
			sourceTree = "<group>";
		};
		F43F453422C9A7F300C53898 /* Show */ = {
			isa = PBXGroup;
			children = (
				F43F453522C9A81000C53898 /* ShowDetailVC.swift */,
				F43F453F22C9EB5500C53898 /* ActorCVCell.swift */,
			);
			path = Show;
			sourceTree = "<group>";
		};
		F43F454522CA636E00C53898 /* Ticket */ = {
			isa = PBXGroup;
			children = (
				F43F454622CA639C00C53898 /* TicketVC.swift */,
				080BF82522CC8EC400A06BBF /* WinCell.swift */,
			);
			path = Ticket;
			sourceTree = "<group>";
		};
		F440B38A22C6098200B8AFD6 /* Extensions */ = {
			isa = PBXGroup;
			children = (
				F440B3A822C640A100B8AFD6 /* CustomButton.swift */,
				F4955C0822C89C0F00530906 /* CustomSearchButton.swift */,
				F43F454122C9F46500C53898 /* CustomView.swift */,
				F440B3A022C61C5800B8AFD6 /* UIView+Extensions.swift */,
				F440B3AC22C6444000B8AFD6 /* UIViewController+Extensions.swift */,
				F440B3AA22C6437400B8AFD6 /* UIColor+Extensions.swift */,
			);
			path = Extensions;
			sourceTree = "<group>";
		};
		F440B39822C61AA000B8AFD6 /* Sources */ = {
			isa = PBXGroup;
			children = (
				F440B39922C61AAD00B8AFD6 /* ViewControllers */,
			);
			path = Sources;
			sourceTree = "<group>";
		};
		F440B39922C61AAD00B8AFD6 /* ViewControllers */ = {
			isa = PBXGroup;
			children = (
				F402F30822CDBCC00047B976 /* Contents */,
				080BF82222CC8D1100A06BBF /* Like */,
				F40313F222CB1C9E00BB2737 /* SideMenu */,
				F43F454522CA636E00C53898 /* Ticket */,
				F43F453422C9A7F300C53898 /* Show */,
				F4955C0522C8935300530906 /* Search */,
				F4955BF822C857D100530906 /* Main */,
				F440B39B22C61B7600B8AFD6 /* Notice */,
				F440B39A22C61AB900B8AFD6 /* Login */,
				0836EDB122C7C618006295D3 /* UnpaidViewController.swift */,
			);
			path = ViewControllers;
			sourceTree = "<group>";
		};
		F440B39A22C61AB900B8AFD6 /* Login */ = {
			isa = PBXGroup;
			children = (
				F440B3A222C63C6800B8AFD6 /* LoginVC.swift */,
				0887885F22CDCEDE00FE0E91 /* SignUpVC.swift */,
			);
			path = Login;
			sourceTree = "<group>";
		};
		F440B39B22C61B7600B8AFD6 /* Notice */ = {
			isa = PBXGroup;
			children = (
				F440B39C22C61BA500B8AFD6 /* NoticeViewController.swift */,
				F440B39E22C61BF200B8AFD6 /* NoticeTableViewController.swift */,
			);
			path = Notice;
			sourceTree = "<group>";
		};
		F4955BF822C857D100530906 /* Main */ = {
			isa = PBXGroup;
			children = (
				F4955BF922C857F000530906 /* MainVC.swift */,
				F4955BFD22C8587300530906 /* MainShowCell.swift */,
				F40313EE22CAF61A00BB2737 /* SideMenuVC.swift */,
			);
			path = Main;
			sourceTree = "<group>";
		};
		F4955C0522C8935300530906 /* Search */ = {
			isa = PBXGroup;
			children = (
				F4955C0622C8936900530906 /* SearchVC.swift */,
			);
			path = Search;
			sourceTree = "<group>";
		};
/* End PBXGroup section */

/* Begin PBXNativeTarget section */
		08CBCB2022C2552D009C1199 /* GoldenTicket */ = {
			isa = PBXNativeTarget;
			buildConfigurationList = 08CBCB3622C2552F009C1199 /* Build configuration list for PBXNativeTarget "GoldenTicket" */;
			buildPhases = (
				B0DD953BDAB1C1AB268068EE /* [CP] Check Pods Manifest.lock */,
				08CBCB1D22C2552D009C1199 /* Sources */,
				08CBCB1E22C2552D009C1199 /* Frameworks */,
				08CBCB1F22C2552D009C1199 /* Resources */,
				8F4E184B8C8B4BF70E0F2105 /* [CP] Embed Pods Frameworks */,
			);
			buildRules = (
			);
			dependencies = (
			);
			name = GoldenTicket;
			productName = GoldenTicket;
			productReference = 08CBCB2122C2552D009C1199 /* GoldenTicket.app */;
			productType = "com.apple.product-type.application";
		};
/* End PBXNativeTarget section */

/* Begin PBXProject section */
		08CBCB1922C2552D009C1199 /* Project object */ = {
			isa = PBXProject;
			attributes = {
				LastSwiftUpdateCheck = 1020;
				LastUpgradeCheck = 1020;
				ORGANIZATIONNAME = "황수빈";
				TargetAttributes = {
					08CBCB2022C2552D009C1199 = {
						CreatedOnToolsVersion = 10.2.1;
					};
				};
			};
			buildConfigurationList = 08CBCB1C22C2552D009C1199 /* Build configuration list for PBXProject "GoldenTicket" */;
			compatibilityVersion = "Xcode 9.3";
			developmentRegion = en;
			hasScannedForEncodings = 0;
			knownRegions = (
				en,
				Base,
			);
			mainGroup = 08CBCB1822C2552D009C1199;
			productRefGroup = 08CBCB2222C2552D009C1199 /* Products */;
			projectDirPath = "";
			projectRoot = "";
			targets = (
				08CBCB2022C2552D009C1199 /* GoldenTicket */,
			);
		};
/* End PBXProject section */

/* Begin PBXResourcesBuildPhase section */
		08CBCB1F22C2552D009C1199 /* Resources */ = {
			isa = PBXResourcesBuildPhase;
			buildActionMask = 2147483647;
			files = (
				08CBCB3222C2552F009C1199 /* LaunchScreen.storyboard in Resources */,
				0836EDAE22C7C2B1006295D3 /* Unpaid.storyboard in Resources */,
				08CBCB2F22C2552F009C1199 /* Assets.xcassets in Resources */,
				F40313FA22CB2FB700BB2737 /* Interested.storyboard in Resources */,
				0836ED5922C5A72D006295D3 /* Notice.storyboard in Resources */,
				080BF81D22CC57F400A06BBF /* Setting.storyboard in Resources */,
				0836EDA622C750F7006295D3 /* Win.storyboard in Resources */,
				0836EDAC22C75A24006295D3 /* Lottory.storyboard in Resources */,
				08CBCB7522C4EFE7009C1199 /* Tutorial.storyboard in Resources */,
				08CBCB7722C507C8009C1199 /* Login.storyboard in Resources */,
				08CBCB2A22C2552D009C1199 /* Main.storyboard in Resources */,
				F40313FC22CB333B00BB2737 /* Question.storyboard in Resources */,
				F43F454422CA45B700C53898 /* WinTicket.storyboard in Resources */,
				F40313F122CB1B0800BB2737 /* WinList.storyboard in Resources */,
				F4955C0422C88D1C00530906 /* Search.storyboard in Resources */,
				F43F453322C9A4AE00C53898 /* ShowDetail.storyboard in Resources */,
				08CBCB7922C523C9009C1199 /* Lose.storyboard in Resources */,
				F43F454922CA79C900C53898 /* NoTicket.storyboard in Resources */,
				F402F30A22CDBCF90047B976 /* Contents.storyboard in Resources */,
			);
			runOnlyForDeploymentPostprocessing = 0;
		};
/* End PBXResourcesBuildPhase section */

/* Begin PBXShellScriptBuildPhase section */
		8F4E184B8C8B4BF70E0F2105 /* [CP] Embed Pods Frameworks */ = {
			isa = PBXShellScriptBuildPhase;
			buildActionMask = 2147483647;
			files = (
			);
			inputFileListPaths = (
				"${PODS_ROOT}/Target Support Files/Pods-GoldenTicket/Pods-GoldenTicket-frameworks-${CONFIGURATION}-input-files.xcfilelist",
			);
			name = "[CP] Embed Pods Frameworks";
			outputFileListPaths = (
				"${PODS_ROOT}/Target Support Files/Pods-GoldenTicket/Pods-GoldenTicket-frameworks-${CONFIGURATION}-output-files.xcfilelist",
			);
			runOnlyForDeploymentPostprocessing = 0;
			shellPath = /bin/sh;
			shellScript = "\"${PODS_ROOT}/Target Support Files/Pods-GoldenTicket/Pods-GoldenTicket-frameworks.sh\"\n";
			showEnvVarsInLog = 0;
		};
		B0DD953BDAB1C1AB268068EE /* [CP] Check Pods Manifest.lock */ = {
			isa = PBXShellScriptBuildPhase;
			buildActionMask = 2147483647;
			files = (
			);
			inputFileListPaths = (
			);
			inputPaths = (
				"${PODS_PODFILE_DIR_PATH}/Podfile.lock",
				"${PODS_ROOT}/Manifest.lock",
			);
			name = "[CP] Check Pods Manifest.lock";
			outputFileListPaths = (
			);
			outputPaths = (
				"$(DERIVED_FILE_DIR)/Pods-GoldenTicket-checkManifestLockResult.txt",
			);
			runOnlyForDeploymentPostprocessing = 0;
			shellPath = /bin/sh;
			shellScript = "diff \"${PODS_PODFILE_DIR_PATH}/Podfile.lock\" \"${PODS_ROOT}/Manifest.lock\" > /dev/null\nif [ $? != 0 ] ; then\n    # print error to STDERR\n    echo \"error: The sandbox is not in sync with the Podfile.lock. Run 'pod install' or update your CocoaPods installation.\" >&2\n    exit 1\nfi\n# This output is used by Xcode 'outputs' to avoid re-running this script phase.\necho \"SUCCESS\" > \"${SCRIPT_OUTPUT_FILE_0}\"\n";
			showEnvVarsInLog = 0;
		};
/* End PBXShellScriptBuildPhase section */

/* Begin PBXSourcesBuildPhase section */
		08CBCB1D22C2552D009C1199 /* Sources */ = {
			isa = PBXSourcesBuildPhase;
			buildActionMask = 2147483647;
			files = (
				0836EDB222C7C618006295D3 /* UnpaidViewController.swift in Sources */,
				F4955BFE22C8587300530906 /* MainShowCell.swift in Sources */,
				F4955C0222C8635A00530906 /* Show.swift in Sources */,
				F43F454722CA639C00C53898 /* TicketVC.swift in Sources */,
				F4955BFA22C857F000530906 /* MainVC.swift in Sources */,
				F40313F422CB1CE700BB2737 /* WinTicketsVC.swift in Sources */,
				F440B3A122C61C5800B8AFD6 /* UIView+Extensions.swift in Sources */,
				F43F454222C9F46500C53898 /* CustomView.swift in Sources */,
				08CBCB2722C2552D009C1199 /* ViewController.swift in Sources */,
				F440B3AD22C6444000B8AFD6 /* UIViewController+Extensions.swift in Sources */,
				080BF82622CC8EC400A06BBF /* WinCell.swift in Sources */,
				F4955C0722C8936900530906 /* SearchVC.swift in Sources */,
				F40313EF22CAF61A00BB2737 /* SideMenuVC.swift in Sources */,
				F440B3A922C640A100B8AFD6 /* CustomButton.swift in Sources */,
				F40313FE22CB344900BB2737 /* QuestionVC.swift in Sources */,
				F43F454022C9EB5500C53898 /* ActorCVCell.swift in Sources */,
				080BF82122CC840400A06BBF /* Like.swift in Sources */,
				F440B3A322C63C6900B8AFD6 /* LoginVC.swift in Sources */,
				08CBCB2D22C2552D009C1199 /* GoldenTicket.xcdatamodeld in Sources */,
				08CBCB2522C2552D009C1199 /* AppDelegate.swift in Sources */,
				F4955C0922C89C0F00530906 /* CustomSearchButton.swift in Sources */,
				F43F453822C9A83200C53898 /* ShowDetail.swift in Sources */,
				F43F453622C9A81000C53898 /* ShowDetailVC.swift in Sources */,
				080BF81F22CC828D00A06BBF /* LikeCollectionViewCell.swift in Sources */,
				F440B39F22C61BF200B8AFD6 /* NoticeTableViewController.swift in Sources */,
				F40313F822CB2E8C00BB2737 /* InterestedVC.swift in Sources */,
				F440B3AB22C6437400B8AFD6 /* UIColor+Extensions.swift in Sources */,
				080BF82422CC8D5000A06BBF /* Win.swift in Sources */,
				0887886022CDCEDE00FE0E91 /* SignUpVC.swift in Sources */,
				F440B39D22C61BA500B8AFD6 /* NoticeViewController.swift in Sources */,
			);
			runOnlyForDeploymentPostprocessing = 0;
		};
/* End PBXSourcesBuildPhase section */

/* Begin PBXVariantGroup section */
		08CBCB2822C2552D009C1199 /* Main.storyboard */ = {
			isa = PBXVariantGroup;
			children = (
				08CBCB2922C2552D009C1199 /* Base */,
			);
			name = Main.storyboard;
			sourceTree = "<group>";
		};
		08CBCB3022C2552F009C1199 /* LaunchScreen.storyboard */ = {
			isa = PBXVariantGroup;
			children = (
				08CBCB3122C2552F009C1199 /* Base */,
			);
			name = LaunchScreen.storyboard;
			sourceTree = "<group>";
		};
/* End PBXVariantGroup section */

/* Begin XCBuildConfiguration section */
		08CBCB3422C2552F009C1199 /* Debug */ = {
			isa = XCBuildConfiguration;
			buildSettings = {
				ALWAYS_SEARCH_USER_PATHS = NO;
				CLANG_ANALYZER_NONNULL = YES;
				CLANG_ANALYZER_NUMBER_OBJECT_CONVERSION = YES_AGGRESSIVE;
				CLANG_CXX_LANGUAGE_STANDARD = "gnu++14";
				CLANG_CXX_LIBRARY = "libc++";
				CLANG_ENABLE_MODULES = YES;
				CLANG_ENABLE_OBJC_ARC = YES;
				CLANG_ENABLE_OBJC_WEAK = YES;
				CLANG_WARN_BLOCK_CAPTURE_AUTORELEASING = YES;
				CLANG_WARN_BOOL_CONVERSION = YES;
				CLANG_WARN_COMMA = YES;
				CLANG_WARN_CONSTANT_CONVERSION = YES;
				CLANG_WARN_DEPRECATED_OBJC_IMPLEMENTATIONS = YES;
				CLANG_WARN_DIRECT_OBJC_ISA_USAGE = YES_ERROR;
				CLANG_WARN_DOCUMENTATION_COMMENTS = YES;
				CLANG_WARN_EMPTY_BODY = YES;
				CLANG_WARN_ENUM_CONVERSION = YES;
				CLANG_WARN_INFINITE_RECURSION = YES;
				CLANG_WARN_INT_CONVERSION = YES;
				CLANG_WARN_NON_LITERAL_NULL_CONVERSION = YES;
				CLANG_WARN_OBJC_IMPLICIT_RETAIN_SELF = YES;
				CLANG_WARN_OBJC_LITERAL_CONVERSION = YES;
				CLANG_WARN_OBJC_ROOT_CLASS = YES_ERROR;
				CLANG_WARN_RANGE_LOOP_ANALYSIS = YES;
				CLANG_WARN_STRICT_PROTOTYPES = YES;
				CLANG_WARN_SUSPICIOUS_MOVE = YES;
				CLANG_WARN_UNGUARDED_AVAILABILITY = YES_AGGRESSIVE;
				CLANG_WARN_UNREACHABLE_CODE = YES;
				CLANG_WARN__DUPLICATE_METHOD_MATCH = YES;
				CODE_SIGN_IDENTITY = "iPhone Developer";
				COPY_PHASE_STRIP = NO;
				DEBUG_INFORMATION_FORMAT = dwarf;
				ENABLE_STRICT_OBJC_MSGSEND = YES;
				ENABLE_TESTABILITY = YES;
				GCC_C_LANGUAGE_STANDARD = gnu11;
				GCC_DYNAMIC_NO_PIC = NO;
				GCC_NO_COMMON_BLOCKS = YES;
				GCC_OPTIMIZATION_LEVEL = 0;
				GCC_PREPROCESSOR_DEFINITIONS = (
					"DEBUG=1",
					"$(inherited)",
				);
				GCC_WARN_64_TO_32_BIT_CONVERSION = YES;
				GCC_WARN_ABOUT_RETURN_TYPE = YES_ERROR;
				GCC_WARN_UNDECLARED_SELECTOR = YES;
				GCC_WARN_UNINITIALIZED_AUTOS = YES_AGGRESSIVE;
				GCC_WARN_UNUSED_FUNCTION = YES;
				GCC_WARN_UNUSED_VARIABLE = YES;
				IPHONEOS_DEPLOYMENT_TARGET = 12.2;
				MTL_ENABLE_DEBUG_INFO = INCLUDE_SOURCE;
				MTL_FAST_MATH = YES;
				ONLY_ACTIVE_ARCH = YES;
				SDKROOT = iphoneos;
				SWIFT_ACTIVE_COMPILATION_CONDITIONS = DEBUG;
				SWIFT_OPTIMIZATION_LEVEL = "-Onone";
			};
			name = Debug;
		};
		08CBCB3522C2552F009C1199 /* Release */ = {
			isa = XCBuildConfiguration;
			buildSettings = {
				ALWAYS_SEARCH_USER_PATHS = NO;
				CLANG_ANALYZER_NONNULL = YES;
				CLANG_ANALYZER_NUMBER_OBJECT_CONVERSION = YES_AGGRESSIVE;
				CLANG_CXX_LANGUAGE_STANDARD = "gnu++14";
				CLANG_CXX_LIBRARY = "libc++";
				CLANG_ENABLE_MODULES = YES;
				CLANG_ENABLE_OBJC_ARC = YES;
				CLANG_ENABLE_OBJC_WEAK = YES;
				CLANG_WARN_BLOCK_CAPTURE_AUTORELEASING = YES;
				CLANG_WARN_BOOL_CONVERSION = YES;
				CLANG_WARN_COMMA = YES;
				CLANG_WARN_CONSTANT_CONVERSION = YES;
				CLANG_WARN_DEPRECATED_OBJC_IMPLEMENTATIONS = YES;
				CLANG_WARN_DIRECT_OBJC_ISA_USAGE = YES_ERROR;
				CLANG_WARN_DOCUMENTATION_COMMENTS = YES;
				CLANG_WARN_EMPTY_BODY = YES;
				CLANG_WARN_ENUM_CONVERSION = YES;
				CLANG_WARN_INFINITE_RECURSION = YES;
				CLANG_WARN_INT_CONVERSION = YES;
				CLANG_WARN_NON_LITERAL_NULL_CONVERSION = YES;
				CLANG_WARN_OBJC_IMPLICIT_RETAIN_SELF = YES;
				CLANG_WARN_OBJC_LITERAL_CONVERSION = YES;
				CLANG_WARN_OBJC_ROOT_CLASS = YES_ERROR;
				CLANG_WARN_RANGE_LOOP_ANALYSIS = YES;
				CLANG_WARN_STRICT_PROTOTYPES = YES;
				CLANG_WARN_SUSPICIOUS_MOVE = YES;
				CLANG_WARN_UNGUARDED_AVAILABILITY = YES_AGGRESSIVE;
				CLANG_WARN_UNREACHABLE_CODE = YES;
				CLANG_WARN__DUPLICATE_METHOD_MATCH = YES;
				CODE_SIGN_IDENTITY = "iPhone Developer";
				COPY_PHASE_STRIP = NO;
				DEBUG_INFORMATION_FORMAT = "dwarf-with-dsym";
				ENABLE_NS_ASSERTIONS = NO;
				ENABLE_STRICT_OBJC_MSGSEND = YES;
				GCC_C_LANGUAGE_STANDARD = gnu11;
				GCC_NO_COMMON_BLOCKS = YES;
				GCC_WARN_64_TO_32_BIT_CONVERSION = YES;
				GCC_WARN_ABOUT_RETURN_TYPE = YES_ERROR;
				GCC_WARN_UNDECLARED_SELECTOR = YES;
				GCC_WARN_UNINITIALIZED_AUTOS = YES_AGGRESSIVE;
				GCC_WARN_UNUSED_FUNCTION = YES;
				GCC_WARN_UNUSED_VARIABLE = YES;
				IPHONEOS_DEPLOYMENT_TARGET = 12.2;
				MTL_ENABLE_DEBUG_INFO = NO;
				MTL_FAST_MATH = YES;
				SDKROOT = iphoneos;
				SWIFT_COMPILATION_MODE = wholemodule;
				SWIFT_OPTIMIZATION_LEVEL = "-O";
				VALIDATE_PRODUCT = YES;
			};
			name = Release;
		};
		08CBCB3722C2552F009C1199 /* Debug */ = {
			isa = XCBuildConfiguration;
			baseConfigurationReference = F92DF9CEA0A33B3C51D5E98C /* Pods-GoldenTicket.debug.xcconfig */;
			buildSettings = {
				ASSETCATALOG_COMPILER_APPICON_NAME = AppIcon;
				CODE_SIGN_STYLE = Automatic;
				DEVELOPMENT_TEAM = "";
				INFOPLIST_FILE = GoldenTicket/Info.plist;
				LD_RUNPATH_SEARCH_PATHS = (
					"$(inherited)",
					"@executable_path/Frameworks",
				);
				PRODUCT_BUNDLE_IDENTIFIER = SOPT.GoldenTicket;
				PRODUCT_NAME = "$(TARGET_NAME)";
				SWIFT_VERSION = 5.0;
				TARGETED_DEVICE_FAMILY = "1,2";
			};
			name = Debug;
		};
		08CBCB3822C2552F009C1199 /* Release */ = {
			isa = XCBuildConfiguration;
			baseConfigurationReference = 5965800A7BE381549539F856 /* Pods-GoldenTicket.release.xcconfig */;
			buildSettings = {
				ASSETCATALOG_COMPILER_APPICON_NAME = AppIcon;
				CODE_SIGN_STYLE = Automatic;
				DEVELOPMENT_TEAM = "";
				INFOPLIST_FILE = GoldenTicket/Info.plist;
				LD_RUNPATH_SEARCH_PATHS = (
					"$(inherited)",
					"@executable_path/Frameworks",
				);
				PRODUCT_BUNDLE_IDENTIFIER = SOPT.GoldenTicket;
				PRODUCT_NAME = "$(TARGET_NAME)";
				SWIFT_VERSION = 5.0;
				TARGETED_DEVICE_FAMILY = "1,2";
			};
			name = Release;
		};
/* End XCBuildConfiguration section */

/* Begin XCConfigurationList section */
		08CBCB1C22C2552D009C1199 /* Build configuration list for PBXProject "GoldenTicket" */ = {
			isa = XCConfigurationList;
			buildConfigurations = (
				08CBCB3422C2552F009C1199 /* Debug */,
				08CBCB3522C2552F009C1199 /* Release */,
			);
			defaultConfigurationIsVisible = 0;
			defaultConfigurationName = Release;
		};
		08CBCB3622C2552F009C1199 /* Build configuration list for PBXNativeTarget "GoldenTicket" */ = {
			isa = XCConfigurationList;
			buildConfigurations = (
				08CBCB3722C2552F009C1199 /* Debug */,
				08CBCB3822C2552F009C1199 /* Release */,
			);
			defaultConfigurationIsVisible = 0;
			defaultConfigurationName = Release;
		};
/* End XCConfigurationList section */

/* Begin XCVersionGroup section */
		08CBCB2B22C2552D009C1199 /* GoldenTicket.xcdatamodeld */ = {
			isa = XCVersionGroup;
			children = (
				08CBCB2C22C2552D009C1199 /* GoldenTicket.xcdatamodel */,
			);
			currentVersion = 08CBCB2C22C2552D009C1199 /* GoldenTicket.xcdatamodel */;
			path = GoldenTicket.xcdatamodeld;
			sourceTree = "<group>";
			versionGroupType = wrapper.xcdatamodel;
		};
/* End XCVersionGroup section */
	};
	rootObject = 08CBCB1922C2552D009C1199 /* Project object */;
}
