PODS:
  - Hero (1.4.0)
  - SideMenu (5.0.3)

DEPENDENCIES:
  - Hero
  - SideMenu

SPEC REPOS:
  https://github.com/cocoapods/specs.git:
    - Hero
    - SideMenu

SPEC CHECKSUMS:
  Hero: bac92350d7201a1a940003e0767c7b52ce7c99a1
  SideMenu: 1dcaabce84538c53325c287f7fe62999379a641c

PODFILE CHECKSUM: 5fab5af7ff5ac18c10dba314be604aef6945a908

COCOAPODS: 1.7.3
